
Microsoft Visual Studio Solution File, Format Version 12.00
# Visual Studio Version 17
VisualStudioVersion = 17.11.35222.181
MinimumVisualStudioVersion = 10.0.40219.1
Project("{9A19103F-16F7-4668-BE54-9A1E7A4F7556}") = "Assignment02_WPF", "Assignment02_WPF\Assignment02_WPF.csproj", "{86E8E208-02D8-4E15-988A-123FD25A8405}"
EndProject
Project("{9A19103F-16F7-4668-BE54-9A1E7A4F7556}") = "Assignment02_BusinessObject", "Assignment02_BusinessObject\Assignment02_BusinessObject.csproj", "{2D54D609-5380-4303-BEE4-7A60F26884A4}"
EndProject
Project("{9A19103F-16F7-4668-BE54-9A1E7A4F7556}") = "Assignment02_DAOs", "Assignment02_DAOs\Assignment02_DAOs.csproj", "{9EB4A48F-6A35-4E60-A5C9-4E130BDE9B5F}"
EndProject
Project("{9A19103F-16F7-4668-BE54-9A1E7A4F7556}") = "Assignment02_Repositories", "Assignment02_Repositories\Assignment02_Repositories.csproj", "{AE76716B-D05C-4016-9912-33B968DE1EB8}"
EndProject
Project("{9A19103F-16F7-4668-BE54-9A1E7A4F7556}") = "Assignment02_Services", "Assignment02_Services\Assignment02_Services.csproj", "{00976E4E-82FA-4F50-9208-5715761D0144}"
EndProject
Global
	GlobalSection(SolutionConfigurationPlatforms) = preSolution
		Debug|Any CPU = Debug|Any CPU
		Release|Any CPU = Release|Any CPU
	EndGlobalSection
	GlobalSection(ProjectConfigurationPlatforms) = postSolution
		{86E8E208-02D8-4E15-988A-123FD25A8405}.Debug|Any CPU.ActiveCfg = Debug|Any CPU
		{86E8E208-02D8-4E15-988A-123FD25A8405}.Debug|Any CPU.Build.0 = Debug|Any CPU
		{86E8E208-02D8-4E15-988A-123FD25A8405}.Release|Any CPU.ActiveCfg = Release|Any CPU
		{86E8E208-02D8-4E15-988A-123FD25A8405}.Release|Any CPU.Build.0 = Release|Any CPU
		{2D54D609-5380-4303-BEE4-7A60F26884A4}.Debug|Any CPU.ActiveCfg = Debug|Any CPU
		{2D54D609-5380-4303-BEE4-7A60F26884A4}.Debug|Any CPU.Build.0 = Debug|Any CPU
		{2D54D609-5380-4303-BEE4-7A60F26884A4}.Release|Any CPU.ActiveCfg = Release|Any CPU
		{2D54D609-5380-4303-BEE4-7A60F26884A4}.Release|Any CPU.Build.0 = Release|Any CPU
		{9EB4A48F-6A35-4E60-A5C9-4E130BDE9B5F}.Debug|Any CPU.ActiveCfg = Debug|Any CPU
		{9EB4A48F-6A35-4E60-A5C9-4E130BDE9B5F}.Debug|Any CPU.Build.0 = Debug|Any CPU
		{9EB4A48F-6A35-4E60-A5C9-4E130BDE9B5F}.Release|Any CPU.ActiveCfg = Release|Any CPU
		{9EB4A48F-6A35-4E60-A5C9-4E130BDE9B5F}.Release|Any CPU.Build.0 = Release|Any CPU
		{AE76716B-D05C-4016-9912-33B968DE1EB8}.Debug|Any CPU.ActiveCfg = Debug|Any CPU
		{AE76716B-D05C-4016-9912-33B968DE1EB8}.Debug|Any CPU.Build.0 = Debug|Any CPU
		{AE76716B-D05C-4016-9912-33B968DE1EB8}.Release|Any CPU.ActiveCfg = Release|Any CPU
		{AE76716B-D05C-4016-9912-33B968DE1EB8}.Release|Any CPU.Build.0 = Release|Any CPU
		{00976E4E-82FA-4F50-9208-5715761D0144}.Debug|Any CPU.ActiveCfg = Debug|Any CPU
		{00976E4E-82FA-4F50-9208-5715761D0144}.Debug|Any CPU.Build.0 = Debug|Any CPU
		{00976E4E-82FA-4F50-9208-5715761D0144}.Release|Any CPU.ActiveCfg = Release|Any CPU
		{00976E4E-82FA-4F50-9208-5715761D0144}.Release|Any CPU.Build.0 = Release|Any CPU
	EndGlobalSection
	GlobalSection(SolutionProperties) = preSolution
		HideSolutionNode = FALSE
	EndGlobalSection
	GlobalSection(ExtensibilityGlobals) = postSolution
		SolutionGuid = {9AEF3A85-41BD-4E9E-8178-561D5CE57098}
	EndGlobalSection
EndGlobal
